// !$*UTF8*$!
{
	archiveVersion = 1;
	classes = {
	};
	objectVersion = 50;
	objects = {

/* Begin PBXBuildFile section */
		7AC4737521F7A5E5002D4896 /* AppDelegate.swift in Sources */ = {isa = PBXBuildFile; fileRef = 7AC4737421F7A5E5002D4896 /* AppDelegate.swift */; };
		7AC4737721F7A5E5002D4896 /* MainViewController.swift in Sources */ = {isa = PBXBuildFile; fileRef = 7AC4737621F7A5E5002D4896 /* MainViewController.swift */; };
		7AC4737A21F7A5E5002D4896 /* Main.storyboard in Resources */ = {isa = PBXBuildFile; fileRef = 7AC4737821F7A5E5002D4896 /* Main.storyboard */; };
		7AC4737C21F7A5E7002D4896 /* Assets.xcassets in Resources */ = {isa = PBXBuildFile; fileRef = 7AC4737B21F7A5E7002D4896 /* Assets.xcassets */; };
		7AC4737F21F7A5E7002D4896 /* LaunchScreen.storyboard in Resources */ = {isa = PBXBuildFile; fileRef = 7AC4737D21F7A5E7002D4896 /* LaunchScreen.storyboard */; };
		7AC4738A21F7A5E7002D4896 /* PaginationTests.swift in Sources */ = {isa = PBXBuildFile; fileRef = 7AC4738921F7A5E7002D4896 /* PaginationTests.swift */; };
		7AC4739521F7A5E7002D4896 /* PaginationUITests.swift in Sources */ = {isa = PBXBuildFile; fileRef = 7AC4739421F7A5E7002D4896 /* PaginationUITests.swift */; };
		7AC473A321F7AA3D002D4896 /* MyTableViewCell.swift in Sources */ = {isa = PBXBuildFile; fileRef = 7AC473A221F7AA3D002D4896 /* MyTableViewCell.swift */; };
/* End PBXBuildFile section */

/* Begin PBXContainerItemProxy section */
		7AC4738621F7A5E7002D4896 /* PBXContainerItemProxy */ = {
			isa = PBXContainerItemProxy;
			containerPortal = 7AC4736921F7A5E5002D4896 /* Project object */;
			proxyType = 1;
			remoteGlobalIDString = 7AC4737021F7A5E5002D4896;
			remoteInfo = Pagination;
		};
		7AC4739121F7A5E7002D4896 /* PBXContainerItemProxy */ = {
			isa = PBXContainerItemProxy;
			containerPortal = 7AC4736921F7A5E5002D4896 /* Project object */;
			proxyType = 1;
			remoteGlobalIDString = 7AC4737021F7A5E5002D4896;
			remoteInfo = Pagination;
		};
/* End PBXContainerItemProxy section */

/* Begin PBXFileReference section */
		7AC4737121F7A5E5002D4896 /* Pagination.app */ = {isa = PBXFileReference; explicitFileType = wrapper.application; includeInIndex = 0; path = Pagination.app; sourceTree = BUILT_PRODUCTS_DIR; };
		7AC4737421F7A5E5002D4896 /* AppDelegate.swift */ = {isa = PBXFileReference; lastKnownFileType = sourcecode.swift; path = AppDelegate.swift; sourceTree = "<group>"; };
		7AC4737621F7A5E5002D4896 /* MainViewController.swift */ = {isa = PBXFileReference; lastKnownFileType = sourcecode.swift; path = MainViewController.swift; sourceTree = "<group>"; };
		7AC4737921F7A5E5002D4896 /* Base */ = {isa = PBXFileReference; lastKnownFileType = file.storyboard; name = Base; path = Base.lproj/Main.storyboard; sourceTree = "<group>"; };
		7AC4737B21F7A5E7002D4896 /* Assets.xcassets */ = {isa = PBXFileReference; lastKnownFileType = folder.assetcatalog; path = Assets.xcassets; sourceTree = "<group>"; };
		7AC4737E21F7A5E7002D4896 /* Base */ = {isa = PBXFileReference; lastKnownFileType = file.storyboard; name = Base; path = Base.lproj/LaunchScreen.storyboard; sourceTree = "<group>"; };
		7AC4738021F7A5E7002D4896 /* Info.plist */ = {isa = PBXFileReference; lastKnownFileType = text.plist.xml; path = Info.plist; sourceTree = "<group>"; };
		7AC4738521F7A5E7002D4896 /* PaginationTests.xctest */ = {isa = PBXFileReference; explicitFileType = wrapper.cfbundle; includeInIndex = 0; path = PaginationTests.xctest; sourceTree = BUILT_PRODUCTS_DIR; };
		7AC4738921F7A5E7002D4896 /* PaginationTests.swift */ = {isa = PBXFileReference; lastKnownFileType = sourcecode.swift; path = PaginationTests.swift; sourceTree = "<group>"; };
		7AC4738B21F7A5E7002D4896 /* Info.plist */ = {isa = PBXFileReference; lastKnownFileType = text.plist.xml; path = Info.plist; sourceTree = "<group>"; };
		7AC4739021F7A5E7002D4896 /* PaginationUITests.xctest */ = {isa = PBXFileReference; explicitFileType = wrapper.cfbundle; includeInIndex = 0; path = PaginationUITests.xctest; sourceTree = BUILT_PRODUCTS_DIR; };
		7AC4739421F7A5E7002D4896 /* PaginationUITests.swift */ = {isa = PBXFileReference; lastKnownFileType = sourcecode.swift; path = PaginationUITests.swift; sourceTree = "<group>"; };
		7AC4739621F7A5E7002D4896 /* Info.plist */ = {isa = PBXFileReference; lastKnownFileType = text.plist.xml; path = Info.plist; sourceTree = "<group>"; };
		7AC473A221F7AA3D002D4896 /* MyTableViewCell.swift */ = {isa = PBXFileReference; lastKnownFileType = sourcecode.swift; path = MyTableViewCell.swift; sourceTree = "<group>"; };
/* End PBXFileReference section */

/* Begin PBXFrameworksBuildPhase section */
		7AC4736E21F7A5E5002D4896 /* Frameworks */ = {
			isa = PBXFrameworksBuildPhase;
			buildActionMask = 2147483647;
			files = (
			);
			runOnlyForDeploymentPostprocessing = 0;
		};
		7AC4738221F7A5E7002D4896 /* Frameworks */ = {
			isa = PBXFrameworksBuildPhase;
			buildActionMask = 2147483647;
			files = (
			);
			runOnlyForDeploymentPostprocessing = 0;
		};
		7AC4738D21F7A5E7002D4896 /* Frameworks */ = {
			isa = PBXFrameworksBuildPhase;
			buildActionMask = 2147483647;
			files = (
			);
			runOnlyForDeploymentPostprocessing = 0;
		};
/* End PBXFrameworksBuildPhase section */

/* Begin PBXGroup section */
		7AC4736821F7A5E5002D4896 = {
			isa = PBXGroup;
			children = (
				7AC4737321F7A5E5002D4896 /* Pagination */,
				7AC4738821F7A5E7002D4896 /* PaginationTests */,
				7AC4739321F7A5E7002D4896 /* PaginationUITests */,
				7AC4737221F7A5E5002D4896 /* Products */,
			);
			sourceTree = "<group>";
		};
		7AC4737221F7A5E5002D4896 /* Products */ = {
			isa = PBXGroup;
			children = (
				7AC4737121F7A5E5002D4896 /* Pagination.app */,
				7AC4738521F7A5E7002D4896 /* PaginationTests.xctest */,
				7AC4739021F7A5E7002D4896 /* PaginationUITests.xctest */,
			);
			name = Products;
			sourceTree = "<group>";
		};
		7AC4737321F7A5E5002D4896 /* Pagination */ = {
			isa = PBXGroup;
			children = (
				7AC4737421F7A5E5002D4896 /* AppDelegate.swift */,
				7AC4737621F7A5E5002D4896 /* MainViewController.swift */,
				7AC473A221F7AA3D002D4896 /* MyTableViewCell.swift */,
				7AC4737821F7A5E5002D4896 /* Main.storyboard */,
				7AC4737B21F7A5E7002D4896 /* Assets.xcassets */,
				7AC4737D21F7A5E7002D4896 /* LaunchScreen.storyboard */,
				7AC4738021F7A5E7002D4896 /* Info.plist */,
			);
			path = Pagination;
			sourceTree = "<group>";
		};
		7AC4738821F7A5E7002D4896 /* PaginationTests */ = {
			isa = PBXGroup;
			children = (
				7AC4738921F7A5E7002D4896 /* PaginationTests.swift */,
				7AC4738B21F7A5E7002D4896 /* Info.plist */,
			);
			path = PaginationTests;
			sourceTree = "<group>";
		};
		7AC4739321F7A5E7002D4896 /* PaginationUITests */ = {
			isa = PBXGroup;
			children = (
				7AC4739421F7A5E7002D4896 /* PaginationUITests.swift */,
				7AC4739621F7A5E7002D4896 /* Info.plist */,
			);
			path = PaginationUITests;
			sourceTree = "<group>";
		};
/* End PBXGroup section */

/* Begin PBXNativeTarget section */
		7AC4737021F7A5E5002D4896 /* Pagination */ = {
			isa = PBXNativeTarget;
			buildConfigurationList = 7AC4739921F7A5E7002D4896 /* Build configuration list for PBXNativeTarget "Pagination" */;
			buildPhases = (
				7AC4736D21F7A5E5002D4896 /* Sources */,
				7AC4736E21F7A5E5002D4896 /* Frameworks */,
				7AC4736F21F7A5E5002D4896 /* Resources */,
			);
			buildRules = (
			);
			dependencies = (
			);
			name = Pagination;
			productName = Pagination;
			productReference = 7AC4737121F7A5E5002D4896 /* Pagination.app */;
			productType = "com.apple.product-type.application";
		};
		7AC4738421F7A5E7002D4896 /* PaginationTests */ = {
			isa = PBXNativeTarget;
			buildConfigurationList = 7AC4739C21F7A5E7002D4896 /* Build configuration list for PBXNativeTarget "PaginationTests" */;
			buildPhases = (
				7AC4738121F7A5E7002D4896 /* Sources */,
				7AC4738221F7A5E7002D4896 /* Frameworks */,
				7AC4738321F7A5E7002D4896 /* Resources */,
			);
			buildRules = (
			);
			dependencies = (
				7AC4738721F7A5E7002D4896 /* PBXTargetDependency */,
			);
			name = PaginationTests;
			productName = PaginationTests;
			productReference = 7AC4738521F7A5E7002D4896 /* PaginationTests.xctest */;
			productType = "com.apple.product-type.bundle.unit-test";
		};
		7AC4738F21F7A5E7002D4896 /* PaginationUITests */ = {
			isa = PBXNativeTarget;
			buildConfigurationList = 7AC4739F21F7A5E7002D4896 /* Build configuration list for PBXNativeTarget "PaginationUITests" */;
			buildPhases = (
				7AC4738C21F7A5E7002D4896 /* Sources */,
				7AC4738D21F7A5E7002D4896 /* Frameworks */,
				7AC4738E21F7A5E7002D4896 /* Resources */,
			);
			buildRules = (
			);
			dependencies = (
				7AC4739221F7A5E7002D4896 /* PBXTargetDependency */,
			);
			name = PaginationUITests;
			productName = PaginationUITests;
			productReference = 7AC4739021F7A5E7002D4896 /* PaginationUITests.xctest */;
			productType = "com.apple.product-type.bundle.ui-testing";
		};
/* End PBXNativeTarget section */

/* Begin PBXProject section */
		7AC4736921F7A5E5002D4896 /* Project object */ = {
			isa = PBXProject;
			attributes = {
				LastSwiftUpdateCheck = 1010;
				LastUpgradeCheck = 1010;
				ORGANIZATIONNAME = "Santhosh Ramidi";
				TargetAttributes = {
					7AC4737021F7A5E5002D4896 = {
						CreatedOnToolsVersion = 10.1;
					};
					7AC4738421F7A5E7002D4896 = {
						CreatedOnToolsVersion = 10.1;
						TestTargetID = 7AC4737021F7A5E5002D4896;
					};
					7AC4738F21F7A5E7002D4896 = {
						CreatedOnToolsVersion = 10.1;
						TestTargetID = 7AC4737021F7A5E5002D4896;
					};
				};
			};
			buildConfigurationList = 7AC4736C21F7A5E5002D4896 /* Build configuration list for PBXProject "Pagination" */;
			compatibilityVersion = "Xcode 9.3";
			developmentRegion = en;
			hasScannedForEncodings = 0;
			knownRegions = (
				en,
				Base,
			);
			mainGroup = 7AC4736821F7A5E5002D4896;
			productRefGroup = 7AC4737221F7A5E5002D4896 /* Products */;
			projectDirPath = "";
			projectRoot = "";
			targets = (
				7AC4737021F7A5E5002D4896 /* Pagination */,
				7AC4738421F7A5E7002D4896 /* PaginationTests */,
				7AC4738F21F7A5E7002D4896 /* PaginationUITests */,
			);
		};
/* End PBXProject section */

/* Begin PBXResourcesBuildPhase section */
		7AC4736F21F7A5E5002D4896 /* Resources */ = {
			isa = PBXResourcesBuildPhase;
			buildActionMask = 2147483647;
			files = (
				7AC4737F21F7A5E7002D4896 /* LaunchScreen.storyboard in Resources */,
				7AC4737C21F7A5E7002D4896 /* Assets.xcassets in Resources */,
				7AC4737A21F7A5E5002D4896 /* Main.storyboard in Resources */,
			);
			runOnlyForDeploymentPostprocessing = 0;
		};
		7AC4738321F7A5E7002D4896 /* Resources */ = {
			isa = PBXResourcesBuildPhase;
			buildActionMask = 2147483647;
			files = (
			);
			runOnlyForDeploymentPostprocessing = 0;
		};
		7AC4738E21F7A5E7002D4896 /* Resources */ = {
			isa = PBXResourcesBuildPhase;
			buildActionMask = 2147483647;
			files = (
			);
			runOnlyForDeploymentPostprocessing = 0;
		};
/* End PBXResourcesBuildPhase section */

/* Begin PBXSourcesBuildPhase section */
		7AC4736D21F7A5E5002D4896 /* Sources */ = {
			isa = PBXSourcesBuildPhase;
			buildActionMask = 2147483647;
			files = (
				7AC4737721F7A5E5002D4896 /* MainViewController.swift in Sources */,
				7AC4737521F7A5E5002D4896 /* AppDelegate.swift in Sources */,
				7AC473A321F7AA3D002D4896 /* MyTableViewCell.swift in Sources */,
			);
			runOnlyForDeploymentPostprocessing = 0;
		};
		7AC4738121F7A5E7002D4896 /* Sources */ = {
			isa = PBXSourcesBuildPhase;
			buildActionMask = 2147483647;
			files = (
				7AC4738A21F7A5E7002D4896 /* PaginationTests.swift in Sources */,
			);
			runOnlyForDeploymentPostprocessing = 0;
		};
		7AC4738C21F7A5E7002D4896 /* Sources */ = {
			isa = PBXSourcesBuildPhase;
			buildActionMask = 2147483647;
			files = (
				7AC4739521F7A5E7002D4896 /* PaginationUITests.swift in Sources */,
			);
			runOnlyForDeploymentPostprocessing = 0;
		};
/* End PBXSourcesBuildPhase section */

/* Begin PBXTargetDependency section */
		7AC4738721F7A5E7002D4896 /* PBXTargetDependency */ = {
			isa = PBXTargetDependency;
			target = 7AC4737021F7A5E5002D4896 /* Pagination */;
			targetProxy = 7AC4738621F7A5E7002D4896 /* PBXContainerItemProxy */;
		};
		7AC4739221F7A5E7002D4896 /* PBXTargetDependency */ = {
			isa = PBXTargetDependency;
			target = 7AC4737021F7A5E5002D4896 /* Pagination */;
			targetProxy = 7AC4739121F7A5E7002D4896 /* PBXContainerItemProxy */;
		};
/* End PBXTargetDependency section */

/* Begin PBXVariantGroup section */
		7AC4737821F7A5E5002D4896 /* Main.storyboard */ = {
			isa = PBXVariantGroup;
			children = (
				7AC4737921F7A5E5002D4896 /* Base */,
			);
			name = Main.storyboard;
			sourceTree = "<group>";
		};
		7AC4737D21F7A5E7002D4896 /* LaunchScreen.storyboard */ = {
			isa = PBXVariantGroup;
			children = (
				7AC4737E21F7A5E7002D4896 /* Base */,
			);
			name = LaunchScreen.storyboard;
			sourceTree = "<group>";
		};
/* End PBXVariantGroup section */

/* Begin XCBuildConfiguration section */
		7AC4739721F7A5E7002D4896 /* Debug */ = {
			isa = XCBuildConfiguration;
			buildSettings = {
				ALWAYS_SEARCH_USER_PATHS = NO;
				CLANG_ANALYZER_NONNULL = YES;
				CLANG_ANALYZER_NUMBER_OBJECT_CONVERSION = YES_AGGRESSIVE;
				CLANG_CXX_LANGUAGE_STANDARD = "gnu++14";
				CLANG_CXX_LIBRARY = "libc++";
				CLANG_ENABLE_MODULES = YES;
				CLANG_ENABLE_OBJC_ARC = YES;
				CLANG_ENABLE_OBJC_WEAK = YES;
				CLANG_WARN_BLOCK_CAPTURE_AUTORELEASING = YES;
				CLANG_WARN_BOOL_CONVERSION = YES;
				CLANG_WARN_COMMA = YES;
				CLANG_WARN_CONSTANT_CONVERSION = YES;
				CLANG_WARN_DEPRECATED_OBJC_IMPLEMENTATIONS = YES;
				CLANG_WARN_DIRECT_OBJC_ISA_USAGE = YES_ERROR;
				CLANG_WARN_DOCUMENTATION_COMMENTS = YES;
				CLANG_WARN_EMPTY_BODY = YES;
				CLANG_WARN_ENUM_CONVERSION = YES;
				CLANG_WARN_INFINITE_RECURSION = YES;
				CLANG_WARN_INT_CONVERSION = YES;
				CLANG_WARN_NON_LITERAL_NULL_CONVERSION = YES;
				CLANG_WARN_OBJC_IMPLICIT_RETAIN_SELF = YES;
				CLANG_WARN_OBJC_LITERAL_CONVERSION = YES;
				CLANG_WARN_OBJC_ROOT_CLASS = YES_ERROR;
				CLANG_WARN_RANGE_LOOP_ANALYSIS = YES;
				CLANG_WARN_STRICT_PROTOTYPES = YES;
				CLANG_WARN_SUSPICIOUS_MOVE = YES;
				CLANG_WARN_UNGUARDED_AVAILABILITY = YES_AGGRESSIVE;
				CLANG_WARN_UNREACHABLE_CODE = YES;
				CLANG_WARN__DUPLICATE_METHOD_MATCH = YES;
				CODE_SIGN_IDENTITY = "iPhone Developer";
				COPY_PHASE_STRIP = NO;
				DEBUG_INFORMATION_FORMAT = dwarf;
				ENABLE_STRICT_OBJC_MSGSEND = YES;
				ENABLE_TESTABILITY = YES;
				GCC_C_LANGUAGE_STANDARD = gnu11;
				GCC_DYNAMIC_NO_PIC = NO;
				GCC_NO_COMMON_BLOCKS = YES;
				GCC_OPTIMIZATION_LEVEL = 0;
				GCC_PREPROCESSOR_DEFINITIONS = (
					"DEBUG=1",
					"$(inherited)",
				);
				GCC_WARN_64_TO_32_BIT_CONVERSION = YES;
				GCC_WARN_ABOUT_RETURN_TYPE = YES_ERROR;
				GCC_WARN_UNDECLARED_SELECTOR = YES;
				GCC_WARN_UNINITIALIZED_AUTOS = YES_AGGRESSIVE;
				GCC_WARN_UNUSED_FUNCTION = YES;
				GCC_WARN_UNUSED_VARIABLE = YES;
				IPHONEOS_DEPLOYMENT_TARGET = 12.1;
				MTL_ENABLE_DEBUG_INFO = INCLUDE_SOURCE;
				MTL_FAST_MATH = YES;
				ONLY_ACTIVE_ARCH = YES;
				SDKROOT = iphoneos;
				SWIFT_ACTIVE_COMPILATION_CONDITIONS = DEBUG;
				SWIFT_OPTIMIZATION_LEVEL = "-Onone";
			};
			name = Debug;
		};
		7AC4739821F7A5E7002D4896 /* Release */ = {
			isa = XCBuildConfiguration;
			buildSettings = {
				ALWAYS_SEARCH_USER_PATHS = NO;
				CLANG_ANALYZER_NONNULL = YES;
				CLANG_ANALYZER_NUMBER_OBJECT_CONVERSION = YES_AGGRESSIVE;
				CLANG_CXX_LANGUAGE_STANDARD = "gnu++14";
				CLANG_CXX_LIBRARY = "libc++";
				CLANG_ENABLE_MODULES = YES;
				CLANG_ENABLE_OBJC_ARC = YES;
				CLANG_ENABLE_OBJC_WEAK = YES;
				CLANG_WARN_BLOCK_CAPTURE_AUTORELEASING = YES;
				CLANG_WARN_BOOL_CONVERSION = YES;
				CLANG_WARN_COMMA = YES;
				CLANG_WARN_CONSTANT_CONVERSION = YES;
				CLANG_WARN_DEPRECATED_OBJC_IMPLEMENTATIONS = YES;
				CLANG_WARN_DIRECT_OBJC_ISA_USAGE = YES_ERROR;
				CLANG_WARN_DOCUMENTATION_COMMENTS = YES;
				CLANG_WARN_EMPTY_BODY = YES;
				CLANG_WARN_ENUM_CONVERSION = YES;
				CLANG_WARN_INFINITE_RECURSION = YES;
				CLANG_WARN_INT_CONVERSION = YES;
				CLANG_WARN_NON_LITERAL_NULL_CONVERSION = YES;
				CLANG_WARN_OBJC_IMPLICIT_RETAIN_SELF = YES;
				CLANG_WARN_OBJC_LITERAL_CONVERSION = YES;
				CLANG_WARN_OBJC_ROOT_CLASS = YES_ERROR;
				CLANG_WARN_RANGE_LOOP_ANALYSIS = YES;
				CLANG_WARN_STRICT_PROTOTYPES = YES;
				CLANG_WARN_SUSPICIOUS_MOVE = YES;
				CLANG_WARN_UNGUARDED_AVAILABILITY = YES_AGGRESSIVE;
				CLANG_WARN_UNREACHABLE_CODE = YES;
				CLANG_WARN__DUPLICATE_METHOD_MATCH = YES;
				CODE_SIGN_IDENTITY = "iPhone Developer";
				COPY_PHASE_STRIP = NO;
				DEBUG_INFORMATION_FORMAT = "dwarf-with-dsym";
				ENABLE_NS_ASSERTIONS = NO;
				ENABLE_STRICT_OBJC_MSGSEND = YES;
				GCC_C_LANGUAGE_STANDARD = gnu11;
				GCC_NO_COMMON_BLOCKS = YES;
				GCC_WARN_64_TO_32_BIT_CONVERSION = YES;
				GCC_WARN_ABOUT_RETURN_TYPE = YES_ERROR;
				GCC_WARN_UNDECLARED_SELECTOR = YES;
				GCC_WARN_UNINITIALIZED_AUTOS = YES_AGGRESSIVE;
				GCC_WARN_UNUSED_FUNCTION = YES;
				GCC_WARN_UNUSED_VARIABLE = YES;
				IPHONEOS_DEPLOYMENT_TARGET = 12.1;
				MTL_ENABLE_DEBUG_INFO = NO;
				MTL_FAST_MATH = YES;
				SDKROOT = iphoneos;
				SWIFT_COMPILATION_MODE = wholemodule;
				SWIFT_OPTIMIZATION_LEVEL = "-O";
				VALIDATE_PRODUCT = YES;
			};
			name = Release;
		};
		7AC4739A21F7A5E7002D4896 /* Debug */ = {
			isa = XCBuildConfiguration;
			buildSettings = {
				ASSETCATALOG_COMPILER_APPICON_NAME = AppIcon;
				CODE_SIGN_STYLE = Automatic;
				INFOPLIST_FILE = Pagination/Info.plist;
				LD_RUNPATH_SEARCH_PATHS = (
					"$(inherited)",
					"@executable_path/Frameworks",
				);
				PRODUCT_BUNDLE_IDENTIFIER = com.santhosh.Pagination;
				PRODUCT_NAME = "$(TARGET_NAME)";
				SWIFT_VERSION = 4.2;
				TARGETED_DEVICE_FAMILY = "1,2";
			};
			name = Debug;
		};
		7AC4739B21F7A5E7002D4896 /* Release */ = {
			isa = XCBuildConfiguration;
			buildSettings = {
				ASSETCATALOG_COMPILER_APPICON_NAME = AppIcon;
				CODE_SIGN_STYLE = Automatic;
				INFOPLIST_FILE = Pagination/Info.plist;
				LD_RUNPATH_SEARCH_PATHS = (
					"$(inherited)",
					"@executable_path/Frameworks",
				);
				PRODUCT_BUNDLE_IDENTIFIER = com.santhosh.Pagination;
				PRODUCT_NAME = "$(TARGET_NAME)";
				SWIFT_VERSION = 4.2;
				TARGETED_DEVICE_FAMILY = "1,2";
			};
			name = Release;
		};
		7AC4739D21F7A5E7002D4896 /* Debug */ = {
			isa = XCBuildConfiguration;
			buildSettings = {
				ALWAYS_EMBED_SWIFT_STANDARD_LIBRARIES = YES;
				BUNDLE_LOADER = "$(TEST_HOST)";
				CODE_SIGN_STYLE = Automatic;
				INFOPLIST_FILE = PaginationTests/Info.plist;
				LD_RUNPATH_SEARCH_PATHS = (
					"$(inherited)",
					"@executable_path/Frameworks",
					"@loader_path/Frameworks",
				);
				PRODUCT_BUNDLE_IDENTIFIER = com.santhosh.PaginationTests;
				PRODUCT_NAME = "$(TARGET_NAME)";
				SWIFT_VERSION = 4.2;
				TARGETED_DEVICE_FAMILY = "1,2";
				TEST_HOST = "$(BUILT_PRODUCTS_DIR)/Pagination.app/Pagination";
			};
			name = Debug;
		};
		7AC4739E21F7A5E7002D4896 /* Release */ = {
			isa = XCBuildConfiguration;
			buildSettings = {
				ALWAYS_EMBED_SWIFT_STANDARD_LIBRARIES = YES;
				BUNDLE_LOADER = "$(TEST_HOST)";
				CODE_SIGN_STYLE = Automatic;
				INFOPLIST_FILE = PaginationTests/Info.plist;
				LD_RUNPATH_SEARCH_PATHS = (
					"$(inherited)",
					"@executable_path/Frameworks",
					"@loader_path/Frameworks",
				);
				PRODUCT_BUNDLE_IDENTIFIER = com.santhosh.PaginationTests;
				PRODUCT_NAME = "$(TARGET_NAME)";
				SWIFT_VERSION = 4.2;
				TARGETED_DEVICE_FAMILY = "1,2";
				TEST_HOST = "$(BUILT_PRODUCTS_DIR)/Pagination.app/Pagination";
			};
			name = Release;
		};
		7AC473A021F7A5E7002D4896 /* Debug */ = {
			isa = XCBuildConfiguration;
			buildSettings = {
				ALWAYS_EMBED_SWIFT_STANDARD_LIBRARIES = YES;
				CODE_SIGN_STYLE = Automatic;
				INFOPLIST_FILE = PaginationUITests/Info.plist;
				LD_RUNPATH_SEARCH_PATHS = (
					"$(inherited)",
					"@executable_path/Frameworks",
					"@loader_path/Frameworks",
				);
				PRODUCT_BUNDLE_IDENTIFIER = com.santhosh.PaginationUITests;
				PRODUCT_NAME = "$(TARGET_NAME)";
				SWIFT_VERSION = 4.2;
				TARGETED_DEVICE_FAMILY = "1,2";
				TEST_TARGET_NAME = Pagination;
			};
			name = Debug;
		};
		7AC473A121F7A5E7002D4896 /* Release */ = {
			isa = XCBuildConfiguration;
			buildSettings = {
				ALWAYS_EMBED_SWIFT_STANDARD_LIBRARIES = YES;
				CODE_SIGN_STYLE = Automatic;
				INFOPLIST_FILE = PaginationUITests/Info.plist;
				LD_RUNPATH_SEARCH_PATHS = (
					"$(inherited)",
					"@executable_path/Frameworks",
					"@loader_path/Frameworks",
				);
				PRODUCT_BUNDLE_IDENTIFIER = com.santhosh.PaginationUITests;
				PRODUCT_NAME = "$(TARGET_NAME)";
				SWIFT_VERSION = 4.2;
				TARGETED_DEVICE_FAMILY = "1,2";
				TEST_TARGET_NAME = Pagination;
			};
			name = Release;
		};
/* End XCBuildConfiguration section */

/* Begin XCConfigurationList section */
		7AC4736C21F7A5E5002D4896 /* Build configuration list for PBXProject "Pagination" */ = {
			isa = XCConfigurationList;
			buildConfigurations = (
				7AC4739721F7A5E7002D4896 /* Debug */,
				7AC4739821F7A5E7002D4896 /* Release */,
			);
			defaultConfigurationIsVisible = 0;
			defaultConfigurationName = Release;
		};
		7AC4739921F7A5E7002D4896 /* Build configuration list for PBXNativeTarget "Pagination" */ = {
			isa = XCConfigurationList;
			buildConfigurations = (
				7AC4739A21F7A5E7002D4896 /* Debug */,
				7AC4739B21F7A5E7002D4896 /* Release */,
			);
			defaultConfigurationIsVisible = 0;
			defaultConfigurationName = Release;
		};
		7AC4739C21F7A5E7002D4896 /* Build configuration list for PBXNativeTarget "PaginationTests" */ = {
			isa = XCConfigurationList;
			buildConfigurations = (
				7AC4739D21F7A5E7002D4896 /* Debug */,
				7AC4739E21F7A5E7002D4896 /* Release */,
			);
			defaultConfigurationIsVisible = 0;
			defaultConfigurationName = Release;
		};
		7AC4739F21F7A5E7002D4896 /* Build configuration list for PBXNativeTarget "PaginationUITests" */ = {
			isa = XCConfigurationList;
			buildConfigurations = (
				7AC473A021F7A5E7002D4896 /* Debug */,
				7AC473A121F7A5E7002D4896 /* Release */,
			);
			defaultConfigurationIsVisible = 0;
			defaultConfigurationName = Release;
		};
/* End XCConfigurationList section */
	};
	rootObject = 7AC4736921F7A5E5002D4896 /* Project object */;
}
